
Microsoft Visual Studio Solution File, Format Version 12.00
# Visual Studio 15
VisualStudioVersion = 15.0.27004.2009
MinimumVisualStudioVersion = 10.0.40219.1
Project("{FAE04EC0-301F-11D3-BF4B-00C04F79EFBC}") = "EastBancTestAssignment.Core", "EastBancTestAssignment.Core\EastBancTestAssignment.Core.csproj", "{DE9602DB-105A-4FF6-8BD0-D6EFBA501643}"
EndProject
Project("{FAE04EC0-301F-11D3-BF4B-00C04F79EFBC}") = "EastBancTestAssignment.DAL", "EastBancTestAssignment.DAL\EastBancTestAssignment.DAL.csproj", "{8FBEFC10-EDB6-4A77-B4CB-8C2F1F0453EC}"
EndProject
Project("{FAE04EC0-301F-11D3-BF4B-00C04F79EFBC}") = "EastBancTestAssignment.UnitTest", "EastBancTestAssignment.UnitTest\EastBancTestAssignment.UnitTest.csproj", "{22F70BED-E01F-40EE-9FD7-96F085BCCB41}"
EndProject
Project("{FAE04EC0-301F-11D3-BF4B-00C04F79EFBC}") = "EastBancTestAssignment.BLL", "EastBancTestAssignment.BLL\EastBancTestAssignment.BLL.csproj", "{1F8800F6-88E0-4C0B-9FCD-17ECF9350CF3}"
EndProject
Project("{FAE04EC0-301F-11D3-BF4B-00C04F79EFBC}") = "EastBancTestAssignment.Web", "EastBancTestAssignment.Web\EastBancTestAssignment.Web.csproj", "{3B06869F-1433-4372-9B0E-068087E7DF61}"
EndProject
Global
	GlobalSection(SolutionConfigurationPlatforms) = preSolution
		Debug|Any CPU = Debug|Any CPU
		Release|Any CPU = Release|Any CPU
	EndGlobalSection
	GlobalSection(ProjectConfigurationPlatforms) = postSolution
		{DE9602DB-105A-4FF6-8BD0-D6EFBA501643}.Debug|Any CPU.ActiveCfg = Debug|Any CPU
		{DE9602DB-105A-4FF6-8BD0-D6EFBA501643}.Debug|Any CPU.Build.0 = Debug|Any CPU
		{DE9602DB-105A-4FF6-8BD0-D6EFBA501643}.Release|Any CPU.ActiveCfg = Release|Any CPU
		{DE9602DB-105A-4FF6-8BD0-D6EFBA501643}.Release|Any CPU.Build.0 = Release|Any CPU
		{8FBEFC10-EDB6-4A77-B4CB-8C2F1F0453EC}.Debug|Any CPU.ActiveCfg = Debug|Any CPU
		{8FBEFC10-EDB6-4A77-B4CB-8C2F1F0453EC}.Debug|Any CPU.Build.0 = Debug|Any CPU
		{8FBEFC10-EDB6-4A77-B4CB-8C2F1F0453EC}.Release|Any CPU.ActiveCfg = Release|Any CPU
		{8FBEFC10-EDB6-4A77-B4CB-8C2F1F0453EC}.Release|Any CPU.Build.0 = Release|Any CPU
		{22F70BED-E01F-40EE-9FD7-96F085BCCB41}.Debug|Any CPU.ActiveCfg = Debug|Any CPU
		{22F70BED-E01F-40EE-9FD7-96F085BCCB41}.Debug|Any CPU.Build.0 = Debug|Any CPU
		{22F70BED-E01F-40EE-9FD7-96F085BCCB41}.Release|Any CPU.ActiveCfg = Release|Any CPU
		{22F70BED-E01F-40EE-9FD7-96F085BCCB41}.Release|Any CPU.Build.0 = Release|Any CPU
		{1F8800F6-88E0-4C0B-9FCD-17ECF9350CF3}.Debug|Any CPU.ActiveCfg = Debug|Any CPU
		{1F8800F6-88E0-4C0B-9FCD-17ECF9350CF3}.Debug|Any CPU.Build.0 = Debug|Any CPU
		{1F8800F6-88E0-4C0B-9FCD-17ECF9350CF3}.Release|Any CPU.ActiveCfg = Release|Any CPU
		{1F8800F6-88E0-4C0B-9FCD-17ECF9350CF3}.Release|Any CPU.Build.0 = Release|Any CPU
		{3B06869F-1433-4372-9B0E-068087E7DF61}.Debug|Any CPU.ActiveCfg = Debug|Any CPU
		{3B06869F-1433-4372-9B0E-068087E7DF61}.Debug|Any CPU.Build.0 = Debug|Any CPU
		{3B06869F-1433-4372-9B0E-068087E7DF61}.Release|Any CPU.ActiveCfg = Release|Any CPU
		{3B06869F-1433-4372-9B0E-068087E7DF61}.Release|Any CPU.Build.0 = Release|Any CPU
	EndGlobalSection
	GlobalSection(SolutionProperties) = preSolution
		HideSolutionNode = FALSE
	EndGlobalSection
	GlobalSection(ExtensibilityGlobals) = postSolution
		SolutionGuid = {45526814-EC3A-4A34-BE8A-D895FB82F91A}
	EndGlobalSection
EndGlobal
